{
  "name": "ticketick-mailer",
  "version": "1.0.0",
  "lockfileVersion": 3,
  "requires": true,
  "packages": {
    "": {
      "name": "ticketick-mailer",
      "version": "1.0.0",
      "dependencies": {
        "nodemailer": "^10.0.11"
      }
    },
    "node_modules/nodemailer": {
      "version": "10.0.11",
      "resolved": "https://registry.npmjs.org/nodemailer/-/nodemailer-10.0.11.tgz",
      "integrity": "sha512-/c4P7U7aGpiNu2Rl08q525q2zECkUpSaf2zQPgIStCcAjHAkkQQKwD4sTyi3l91mGcLQrKzL1syXPHymo+Ogtw==",
      "license": "MIT-0",
      "engines": {
        "node": ">=20.0.0"
      }
    }
  }
}
